
Microsoft Visual Studio Solution File, Format Version 12.00
# Visual Studio Version 17
VisualStudioVersion = 17.0.31919.166
MinimumVisualStudioVersion = 10.0.40219.1
Project("{9A19103F-16F7-4668-BE54-9A1E7A4F7556}") = "TravelManagementSystem", "TravelManagementSystem\TravelManagementSystem.csproj", "{A763C4E3-8D18-42EE-AF86-A838B4C4E203}"
	ProjectSection(ProjectDependencies) = postProject
		{DB5A3FEF-D18F-4901-9B4F-959E403BD21B} = {DB5A3FEF-D18F-4901-9B4F-959E403BD21B}
	EndProjectSection
EndProject
Project("{2150E333-8FDC-42A3-9474-1A3956D46DE8}") = "Solution Items", "Solution Items", "{E74A7519-2A60-4760-8104-D907CF554FA0}"
	ProjectSection(SolutionItems) = preProject
		.filenesting.json = .filenesting.json
	EndProjectSection
EndProject
Project("{FAE04EC0-301F-11D3-BF4B-00C04F79EFBC}") = "Recommender", "User Behavior\Recommender.csproj", "{DB5A3FEF-D18F-4901-9B4F-959E403BD21B}"
EndProject
Global
	GlobalSection(SolutionConfigurationPlatforms) = preSolution
		Debug|Any CPU = Debug|Any CPU
		Release|Any CPU = Release|Any CPU
	EndGlobalSection
	GlobalSection(ProjectConfigurationPlatforms) = postSolution
		{A763C4E3-8D18-42EE-AF86-A838B4C4E203}.Debug|Any CPU.ActiveCfg = Debug|Any CPU
		{A763C4E3-8D18-42EE-AF86-A838B4C4E203}.Debug|Any CPU.Build.0 = Debug|Any CPU
		{A763C4E3-8D18-42EE-AF86-A838B4C4E203}.Release|Any CPU.ActiveCfg = Release|Any CPU
		{A763C4E3-8D18-42EE-AF86-A838B4C4E203}.Release|Any CPU.Build.0 = Release|Any CPU
		{DB5A3FEF-D18F-4901-9B4F-959E403BD21B}.Debug|Any CPU.ActiveCfg = Debug|Any CPU
		{DB5A3FEF-D18F-4901-9B4F-959E403BD21B}.Debug|Any CPU.Build.0 = Debug|Any CPU
		{DB5A3FEF-D18F-4901-9B4F-959E403BD21B}.Release|Any CPU.ActiveCfg = Release|Any CPU
		{DB5A3FEF-D18F-4901-9B4F-959E403BD21B}.Release|Any CPU.Build.0 = Release|Any CPU
	EndGlobalSection
	GlobalSection(SolutionProperties) = preSolution
		HideSolutionNode = FALSE
	EndGlobalSection
	GlobalSection(ExtensibilityGlobals) = postSolution
		SolutionGuid = {7F63A127-C164-4B8A-BBF4-1794DD78EE60}
	EndGlobalSection
EndGlobal
